
Microsoft Visual Studio Solution File, Format Version 12.00
# Visual Studio 15
VisualStudioVersion = 15.0.27130.2027
MinimumVisualStudioVersion = 10.0.40219.1
Project("{FAE04EC0-301F-11D3-BF4B-00C04F79EFBC}") = "TCP服务器端", "TCP服务器端\TCP服务器端.csproj", "{8D41B59B-C281-4BFC-B90E-4D1A00D2D8FC}"
EndProject
Project("{FAE04EC0-301F-11D3-BF4B-00C04F79EFBC}") = "TCP客户端", "TCP客户端\TCP客户端.csproj", "{E46C8194-C09F-43A9-859C-CBA29BDD9764}"
EndProject
Project("{FAE04EC0-301F-11D3-BF4B-00C04F79EFBC}") = "数据转换成字节数", "数据转换成字节数\数据转换成字节数.csproj", "{A0BE57C8-0F81-494D-8F30-1051C2F1A7B8}"
EndProject
Project("{FAE04EC0-301F-11D3-BF4B-00C04F79EFBC}") = "MySQL数据库操作", "MySQL数据库操作\MySQL数据库操作.csproj", "{2A544400-5371-461E-8D90-29956EC8CB1D}"
EndProject
Project("{FAE04EC0-301F-11D3-BF4B-00C04F79EFBC}") = "游戏服务器端", "游戏服务器端\游戏服务器端.csproj", "{4D3A05B3-6AC7-45FC-8D0C-CE62D7F3F6C0}"
EndProject
Global
	GlobalSection(SolutionConfigurationPlatforms) = preSolution
		Debug|Any CPU = Debug|Any CPU
		Release|Any CPU = Release|Any CPU
	EndGlobalSection
	GlobalSection(ProjectConfigurationPlatforms) = postSolution
		{8D41B59B-C281-4BFC-B90E-4D1A00D2D8FC}.Debug|Any CPU.ActiveCfg = Debug|Any CPU
		{8D41B59B-C281-4BFC-B90E-4D1A00D2D8FC}.Debug|Any CPU.Build.0 = Debug|Any CPU
		{8D41B59B-C281-4BFC-B90E-4D1A00D2D8FC}.Release|Any CPU.ActiveCfg = Release|Any CPU
		{8D41B59B-C281-4BFC-B90E-4D1A00D2D8FC}.Release|Any CPU.Build.0 = Release|Any CPU
		{E46C8194-C09F-43A9-859C-CBA29BDD9764}.Debug|Any CPU.ActiveCfg = Debug|Any CPU
		{E46C8194-C09F-43A9-859C-CBA29BDD9764}.Debug|Any CPU.Build.0 = Debug|Any CPU
		{E46C8194-C09F-43A9-859C-CBA29BDD9764}.Release|Any CPU.ActiveCfg = Release|Any CPU
		{E46C8194-C09F-43A9-859C-CBA29BDD9764}.Release|Any CPU.Build.0 = Release|Any CPU
		{A0BE57C8-0F81-494D-8F30-1051C2F1A7B8}.Debug|Any CPU.ActiveCfg = Debug|Any CPU
		{A0BE57C8-0F81-494D-8F30-1051C2F1A7B8}.Debug|Any CPU.Build.0 = Debug|Any CPU
		{A0BE57C8-0F81-494D-8F30-1051C2F1A7B8}.Release|Any CPU.ActiveCfg = Release|Any CPU
		{A0BE57C8-0F81-494D-8F30-1051C2F1A7B8}.Release|Any CPU.Build.0 = Release|Any CPU
		{2A544400-5371-461E-8D90-29956EC8CB1D}.Debug|Any CPU.ActiveCfg = Debug|Any CPU
		{2A544400-5371-461E-8D90-29956EC8CB1D}.Debug|Any CPU.Build.0 = Debug|Any CPU
		{2A544400-5371-461E-8D90-29956EC8CB1D}.Release|Any CPU.ActiveCfg = Release|Any CPU
		{2A544400-5371-461E-8D90-29956EC8CB1D}.Release|Any CPU.Build.0 = Release|Any CPU
		{4D3A05B3-6AC7-45FC-8D0C-CE62D7F3F6C0}.Debug|Any CPU.ActiveCfg = Debug|Any CPU
		{4D3A05B3-6AC7-45FC-8D0C-CE62D7F3F6C0}.Debug|Any CPU.Build.0 = Debug|Any CPU
		{4D3A05B3-6AC7-45FC-8D0C-CE62D7F3F6C0}.Release|Any CPU.ActiveCfg = Release|Any CPU
		{4D3A05B3-6AC7-45FC-8D0C-CE62D7F3F6C0}.Release|Any CPU.Build.0 = Release|Any CPU
	EndGlobalSection
	GlobalSection(SolutionProperties) = preSolution
		HideSolutionNode = FALSE
	EndGlobalSection
	GlobalSection(ExtensibilityGlobals) = postSolution
		SolutionGuid = {7E131840-4BF2-42DF-98CB-BD2655A95588}
	EndGlobalSection
EndGlobal
